
Microsoft Visual Studio Solution File, Format Version 12.00
# Visual Studio Version 17
VisualStudioVersion = 17.11.35219.272
MinimumVisualStudioVersion = 10.0.40219.1
Project("{9A19103F-16F7-4668-BE54-9A1E7A4F7556}") = "EjemploComponentes", "WinFormsApp3\EjemploComponentes.csproj", "{49AED6BB-0411-489A-8BDC-C0EEB0141CD2}"
EndProject
Global
	GlobalSection(SolutionConfigurationPlatforms) = preSolution
		Debug|Any CPU = Debug|Any CPU
		Release|Any CPU = Release|Any CPU
	EndGlobalSection
	GlobalSection(ProjectConfigurationPlatforms) = postSolution
		{49AED6BB-0411-489A-8BDC-C0EEB0141CD2}.Debug|Any CPU.ActiveCfg = Debug|Any CPU
		{49AED6BB-0411-489A-8BDC-C0EEB0141CD2}.Debug|Any CPU.Build.0 = Debug|Any CPU
		{49AED6BB-0411-489A-8BDC-C0EEB0141CD2}.Release|Any CPU.ActiveCfg = Release|Any CPU
		{49AED6BB-0411-489A-8BDC-C0EEB0141CD2}.Release|Any CPU.Build.0 = Release|Any CPU
	EndGlobalSection
	GlobalSection(SolutionProperties) = preSolution
		HideSolutionNode = FALSE
	EndGlobalSection
	GlobalSection(ExtensibilityGlobals) = postSolution
		SolutionGuid = {5764031F-7D13-470C-8C3C-AF0CFCF3CD06}
	EndGlobalSection
EndGlobal
